{
  "name": "efrei-2023-st2-tst-prj-team-c",
  "version": "1.0.0",
  "lockfileVersion": 2,
  "requires": true,
  "packages": {
    "": {
      "name": "efrei-2023-st2-tst-prj-team-c",
      "version": "1.0.0",
      "license": "ISC",
      "dependencies": {
        "guid-typescript": "^1.0.9"
      },
      "devDependencies": {
        "@playwright/test": "^1.29.1"
      }
    },
    "node_modules/@playwright/test": {
      "version": "1.29.1",
      "resolved": "https://registry.npmjs.org/@playwright/test/-/test-1.29.1.tgz",
      "integrity": "sha512-iQxk2DX5U9wOGV3+/Jh9OHPsw5H3mleUL2S4BgQuwtlAfK3PnKvn38m4Rg9zIViGHVW24opSm99HQm/UFLEy6w==",
      "dev": true,
      "dependencies": {
        "@types/node": "*",
        "playwright-core": "1.29.1"
      },
      "bin": {
        "playwright": "cli.js"
      },
      "engines": {
        "node": ">=14"
      }
    },
    "node_modules/@types/node": {
      "version": "18.11.18",
      "resolved": "https://registry.npmjs.org/@types/node/-/node-18.11.18.tgz",
      "integrity": "sha512-DHQpWGjyQKSHj3ebjFI/wRKcqQcdR+MoFBygntYOZytCqNfkd2ZC4ARDJ2DQqhjH5p85Nnd3jhUJIXrszFX/JA==",
      "dev": true
    },
    "node_modules/guid-typescript": {
      "version": "1.0.9",
      "resolved": "https://registry.npmjs.org/guid-typescript/-/guid-typescript-1.0.9.tgz",
      "integrity": "sha512-Y8T4vYhEfwJOTbouREvG+3XDsjr8E3kIr7uf+JZ0BYloFsttiHU0WfvANVsR7TxNUJa/WpCnw/Ino/p+DeBhBQ=="
    },
    "node_modules/playwright-core": {
      "version": "1.29.1",
      "resolved": "https://registry.npmjs.org/playwright-core/-/playwright-core-1.29.1.tgz",
      "integrity": "sha512-20Ai3d+lMkWpI9YZYlxk8gxatfgax5STW8GaMozAHwigLiyiKQrdkt7gaoT9UQR8FIVDg6qVXs9IoZUQrDjIIg==",
      "dev": true,
      "bin": {
        "playwright": "cli.js"
      },
      "engines": {
        "node": ">=14"
      }
    }
  },
  "dependencies": {
    "@playwright/test": {
      "version": "1.29.1",
      "resolved": "https://registry.npmjs.org/@playwright/test/-/test-1.29.1.tgz",
      "integrity": "sha512-iQxk2DX5U9wOGV3+/Jh9OHPsw5H3mleUL2S4BgQuwtlAfK3PnKvn38m4Rg9zIViGHVW24opSm99HQm/UFLEy6w==",
      "dev": true,
      "requires": {
        "@types/node": "*",
        "playwright-core": "1.29.1"
      }
    },
    "@types/node": {
      "version": "18.11.18",
      "resolved": "https://registry.npmjs.org/@types/node/-/node-18.11.18.tgz",
      "integrity": "sha512-DHQpWGjyQKSHj3ebjFI/wRKcqQcdR+MoFBygntYOZytCqNfkd2ZC4ARDJ2DQqhjH5p85Nnd3jhUJIXrszFX/JA==",
      "dev": true
    },
    "guid-typescript": {
      "version": "1.0.9",
      "resolved": "https://registry.npmjs.org/guid-typescript/-/guid-typescript-1.0.9.tgz",
      "integrity": "sha512-Y8T4vYhEfwJOTbouREvG+3XDsjr8E3kIr7uf+JZ0BYloFsttiHU0WfvANVsR7TxNUJa/WpCnw/Ino/p+DeBhBQ=="
    },
    "playwright-core": {
      "version": "1.29.1",
      "resolved": "https://registry.npmjs.org/playwright-core/-/playwright-core-1.29.1.tgz",
      "integrity": "sha512-20Ai3d+lMkWpI9YZYlxk8gxatfgax5STW8GaMozAHwigLiyiKQrdkt7gaoT9UQR8FIVDg6qVXs9IoZUQrDjIIg==",
      "dev": true
    }
  }
}
